// !$*UTF8*$!
{
	archiveVersion = 1;
	classes = {
	};
	objectVersion = 55;
	objects = {

/* Begin PBXBuildFile section */
		6C2C64CEC1B88A1D0BECA8EB /* Pods_LoginDemo.framework in Frameworks */ = {isa = PBXBuildFile; fileRef = 4F5BE93B52D3BC4178F8806F /* Pods_LoginDemo.framework */; };
		A9138498285C0FD6004FF3B0 /* AppDelegate.swift in Sources */ = {isa = PBXBuildFile; fileRef = A9138497285C0FD6004FF3B0 /* AppDelegate.swift */; };
		A913849A285C0FD6004FF3B0 /* SceneDelegate.swift in Sources */ = {isa = PBXBuildFile; fileRef = A9138499285C0FD6004FF3B0 /* SceneDelegate.swift */; };
		A913849F285C0FD6004FF3B0 /* Main.storyboard in Resources */ = {isa = PBXBuildFile; fileRef = A913849D285C0FD6004FF3B0 /* Main.storyboard */; };
		A91384A1285C0FD8004FF3B0 /* Assets.xcassets in Resources */ = {isa = PBXBuildFile; fileRef = A91384A0285C0FD8004FF3B0 /* Assets.xcassets */; };
		A91384A4285C0FD8004FF3B0 /* LaunchScreen.storyboard in Resources */ = {isa = PBXBuildFile; fileRef = A91384A2285C0FD8004FF3B0 /* LaunchScreen.storyboard */; };
		A91384B5285C13B5004FF3B0 /* BYLoginViewController.swift in Sources */ = {isa = PBXBuildFile; fileRef = A91384B4285C13B5004FF3B0 /* BYLoginViewController.swift */; };
/* End PBXBuildFile section */

/* Begin PBXFileReference section */
		4F5BE93B52D3BC4178F8806F /* Pods_LoginDemo.framework */ = {isa = PBXFileReference; explicitFileType = wrapper.framework; includeInIndex = 0; path = Pods_LoginDemo.framework; sourceTree = BUILT_PRODUCTS_DIR; };
		6F1764B8FC5D223074A5336A /* Pods-LoginDemo.release.xcconfig */ = {isa = PBXFileReference; includeInIndex = 1; lastKnownFileType = text.xcconfig; name = "Pods-LoginDemo.release.xcconfig"; path = "Target Support Files/Pods-LoginDemo/Pods-LoginDemo.release.xcconfig"; sourceTree = "<group>"; };
		A9138494285C0FD6004FF3B0 /* LoginDemo.app */ = {isa = PBXFileReference; explicitFileType = wrapper.application; includeInIndex = 0; path = LoginDemo.app; sourceTree = BUILT_PRODUCTS_DIR; };
		A9138497285C0FD6004FF3B0 /* AppDelegate.swift */ = {isa = PBXFileReference; lastKnownFileType = sourcecode.swift; path = AppDelegate.swift; sourceTree = "<group>"; };
		A9138499285C0FD6004FF3B0 /* SceneDelegate.swift */ = {isa = PBXFileReference; lastKnownFileType = sourcecode.swift; path = SceneDelegate.swift; sourceTree = "<group>"; };
		A913849E285C0FD6004FF3B0 /* Base */ = {isa = PBXFileReference; lastKnownFileType = file.storyboard; name = Base; path = Base.lproj/Main.storyboard; sourceTree = "<group>"; };
		A91384A0285C0FD8004FF3B0 /* Assets.xcassets */ = {isa = PBXFileReference; lastKnownFileType = folder.assetcatalog; path = Assets.xcassets; sourceTree = "<group>"; };
		A91384A3285C0FD8004FF3B0 /* Base */ = {isa = PBXFileReference; lastKnownFileType = file.storyboard; name = Base; path = Base.lproj/LaunchScreen.storyboard; sourceTree = "<group>"; };
		A91384A5285C0FD8004FF3B0 /* Info.plist */ = {isa = PBXFileReference; lastKnownFileType = text.plist.xml; path = Info.plist; sourceTree = "<group>"; };
		A91384B4285C13B5004FF3B0 /* BYLoginViewController.swift */ = {isa = PBXFileReference; lastKnownFileType = sourcecode.swift; path = BYLoginViewController.swift; sourceTree = "<group>"; };
		C1860F5C2220E298D568E510 /* Pods-LoginDemo.debug.xcconfig */ = {isa = PBXFileReference; includeInIndex = 1; lastKnownFileType = text.xcconfig; name = "Pods-LoginDemo.debug.xcconfig"; path = "Target Support Files/Pods-LoginDemo/Pods-LoginDemo.debug.xcconfig"; sourceTree = "<group>"; };
/* End PBXFileReference section */

/* Begin PBXFrameworksBuildPhase section */
		A9138491285C0FD6004FF3B0 /* Frameworks */ = {
			isa = PBXFrameworksBuildPhase;
			buildActionMask = 2147483647;
			files = (
				6C2C64CEC1B88A1D0BECA8EB /* Pods_LoginDemo.framework in Frameworks */,
			);
			runOnlyForDeploymentPostprocessing = 0;
		};
/* End PBXFrameworksBuildPhase section */

/* Begin PBXGroup section */
		981BA29149EDF866F5A1569D /* Pods */ = {
			isa = PBXGroup;
			children = (
				C1860F5C2220E298D568E510 /* Pods-LoginDemo.debug.xcconfig */,
				6F1764B8FC5D223074A5336A /* Pods-LoginDemo.release.xcconfig */,
			);
			path = Pods;
			sourceTree = "<group>";
		};
		A913848B285C0FD6004FF3B0 = {
			isa = PBXGroup;
			children = (
				A9138496285C0FD6004FF3B0 /* LoginDemo */,
				A9138495285C0FD6004FF3B0 /* Products */,
				981BA29149EDF866F5A1569D /* Pods */,
				F275EC1C087704E2AC5D020B /* Frameworks */,
			);
			sourceTree = "<group>";
		};
		A9138495285C0FD6004FF3B0 /* Products */ = {
			isa = PBXGroup;
			children = (
				A9138494285C0FD6004FF3B0 /* LoginDemo.app */,
			);
			name = Products;
			sourceTree = "<group>";
		};
		A9138496285C0FD6004FF3B0 /* LoginDemo */ = {
			isa = PBXGroup;
			children = (
				A91384B6285C17DB004FF3B0 /* Resources */,
				A91384AD285C12D8004FF3B0 /* Application */,
				A91384AB285C1283004FF3B0 /* Business */,
			);
			path = LoginDemo;
			sourceTree = "<group>";
		};
		A91384AB285C1283004FF3B0 /* Business */ = {
			isa = PBXGroup;
			children = (
				A91384AE285C131B004FF3B0 /* Home */,
				A91384AC285C12D1004FF3B0 /* Login */,
			);
			path = Business;
			sourceTree = "<group>";
		};
		A91384AC285C12D1004FF3B0 /* Login */ = {
			isa = PBXGroup;
			children = (
				A91384B2285C1359004FF3B0 /* ViewControllers */,
				A91384B1285C1345004FF3B0 /* ViewModels */,
				A91384B0285C133F004FF3B0 /* Models */,
				A91384AF285C1339004FF3B0 /* Views */,
			);
			path = Login;
			sourceTree = "<group>";
		};
		A91384AD285C12D8004FF3B0 /* Application */ = {
			isa = PBXGroup;
			children = (
				A9138497285C0FD6004FF3B0 /* AppDelegate.swift */,
				A9138499285C0FD6004FF3B0 /* SceneDelegate.swift */,
			);
			path = Application;
			sourceTree = "<group>";
		};
		A91384AE285C131B004FF3B0 /* Home */ = {
			isa = PBXGroup;
			children = (
				A91384B3285C1374004FF3B0 /* ViewControllers */,
			);
			path = Home;
			sourceTree = "<group>";
		};
		A91384AF285C1339004FF3B0 /* Views */ = {
			isa = PBXGroup;
			children = (
			);
			path = Views;
			sourceTree = "<group>";
		};
		A91384B0285C133F004FF3B0 /* Models */ = {
			isa = PBXGroup;
			children = (
			);
			path = Models;
			sourceTree = "<group>";
		};
		A91384B1285C1345004FF3B0 /* ViewModels */ = {
			isa = PBXGroup;
			children = (
			);
			path = ViewModels;
			sourceTree = "<group>";
		};
		A91384B2285C1359004FF3B0 /* ViewControllers */ = {
			isa = PBXGroup;
			children = (
				A91384B4285C13B5004FF3B0 /* BYLoginViewController.swift */,
			);
			path = ViewControllers;
			sourceTree = "<group>";
		};
		A91384B3285C1374004FF3B0 /* ViewControllers */ = {
			isa = PBXGroup;
			children = (
			);
			path = ViewControllers;
			sourceTree = "<group>";
		};
		A91384B6285C17DB004FF3B0 /* Resources */ = {
			isa = PBXGroup;
			children = (
				A91384A5285C0FD8004FF3B0 /* Info.plist */,
				A91384A2285C0FD8004FF3B0 /* LaunchScreen.storyboard */,
				A91384A0285C0FD8004FF3B0 /* Assets.xcassets */,
				A913849D285C0FD6004FF3B0 /* Main.storyboard */,
			);
			path = Resources;
			sourceTree = "<group>";
		};
		F275EC1C087704E2AC5D020B /* Frameworks */ = {
			isa = PBXGroup;
			children = (
				4F5BE93B52D3BC4178F8806F /* Pods_LoginDemo.framework */,
			);
			name = Frameworks;
			sourceTree = "<group>";
		};
/* End PBXGroup section */

/* Begin PBXNativeTarget section */
		A9138493285C0FD6004FF3B0 /* LoginDemo */ = {
			isa = PBXNativeTarget;
			buildConfigurationList = A91384A8285C0FD8004FF3B0 /* Build configuration list for PBXNativeTarget "LoginDemo" */;
			buildPhases = (
				1DA05CB303751DB285BEF90A /* [CP] Check Pods Manifest.lock */,
				A9138490285C0FD6004FF3B0 /* Sources */,
				A9138491285C0FD6004FF3B0 /* Frameworks */,
				A9138492285C0FD6004FF3B0 /* Resources */,
				DA63D260C7A36B86107E4831 /* [CP] Embed Pods Frameworks */,
			);
			buildRules = (
			);
			dependencies = (
			);
			name = LoginDemo;
			productName = LoginDemo;
			productReference = A9138494285C0FD6004FF3B0 /* LoginDemo.app */;
			productType = "com.apple.product-type.application";
		};
/* End PBXNativeTarget section */

/* Begin PBXProject section */
		A913848C285C0FD6004FF3B0 /* Project object */ = {
			isa = PBXProject;
			attributes = {
				BuildIndependentTargetsInParallel = 1;
				LastSwiftUpdateCheck = 1320;
				LastUpgradeCheck = 1320;
				TargetAttributes = {
					A9138493285C0FD6004FF3B0 = {
						CreatedOnToolsVersion = 13.2.1;
					};
				};
			};
			buildConfigurationList = A913848F285C0FD6004FF3B0 /* Build configuration list for PBXProject "LoginDemo" */;
			compatibilityVersion = "Xcode 13.0";
			developmentRegion = en;
			hasScannedForEncodings = 0;
			knownRegions = (
				en,
				Base,
			);
			mainGroup = A913848B285C0FD6004FF3B0;
			productRefGroup = A9138495285C0FD6004FF3B0 /* Products */;
			projectDirPath = "";
			projectRoot = "";
			targets = (
				A9138493285C0FD6004FF3B0 /* LoginDemo */,
			);
		};
/* End PBXProject section */

/* Begin PBXResourcesBuildPhase section */
		A9138492285C0FD6004FF3B0 /* Resources */ = {
			isa = PBXResourcesBuildPhase;
			buildActionMask = 2147483647;
			files = (
				A91384A4285C0FD8004FF3B0 /* LaunchScreen.storyboard in Resources */,
				A91384A1285C0FD8004FF3B0 /* Assets.xcassets in Resources */,
				A913849F285C0FD6004FF3B0 /* Main.storyboard in Resources */,
			);
			runOnlyForDeploymentPostprocessing = 0;
		};
/* End PBXResourcesBuildPhase section */

/* Begin PBXShellScriptBuildPhase section */
		1DA05CB303751DB285BEF90A /* [CP] Check Pods Manifest.lock */ = {
			isa = PBXShellScriptBuildPhase;
			buildActionMask = 2147483647;
			files = (
			);
			inputFileListPaths = (
			);
			inputPaths = (
				"${PODS_PODFILE_DIR_PATH}/Podfile.lock",
				"${PODS_ROOT}/Manifest.lock",
			);
			name = "[CP] Check Pods Manifest.lock";
			outputFileListPaths = (
			);
			outputPaths = (
				"$(DERIVED_FILE_DIR)/Pods-LoginDemo-checkManifestLockResult.txt",
			);
			runOnlyForDeploymentPostprocessing = 0;
			shellPath = /bin/sh;
			shellScript = "diff \"${PODS_PODFILE_DIR_PATH}/Podfile.lock\" \"${PODS_ROOT}/Manifest.lock\" > /dev/null\nif [ $? != 0 ] ; then\n    # print error to STDERR\n    echo \"error: The sandbox is not in sync with the Podfile.lock. Run 'pod install' or update your CocoaPods installation.\" >&2\n    exit 1\nfi\n# This output is used by Xcode 'outputs' to avoid re-running this script phase.\necho \"SUCCESS\" > \"${SCRIPT_OUTPUT_FILE_0}\"\n";
			showEnvVarsInLog = 0;
		};
		DA63D260C7A36B86107E4831 /* [CP] Embed Pods Frameworks */ = {
			isa = PBXShellScriptBuildPhase;
			buildActionMask = 2147483647;
			files = (
			);
			inputFileListPaths = (
				"${PODS_ROOT}/Target Support Files/Pods-LoginDemo/Pods-LoginDemo-frameworks-${CONFIGURATION}-input-files.xcfilelist",
			);
			name = "[CP] Embed Pods Frameworks";
			outputFileListPaths = (
				"${PODS_ROOT}/Target Support Files/Pods-LoginDemo/Pods-LoginDemo-frameworks-${CONFIGURATION}-output-files.xcfilelist",
			);
			runOnlyForDeploymentPostprocessing = 0;
			shellPath = /bin/sh;
			shellScript = "\"${PODS_ROOT}/Target Support Files/Pods-LoginDemo/Pods-LoginDemo-frameworks.sh\"\n";
			showEnvVarsInLog = 0;
		};
/* End PBXShellScriptBuildPhase section */

/* Begin PBXSourcesBuildPhase section */
		A9138490285C0FD6004FF3B0 /* Sources */ = {
			isa = PBXSourcesBuildPhase;
			buildActionMask = 2147483647;
			files = (
				A91384B5285C13B5004FF3B0 /* BYLoginViewController.swift in Sources */,
				A9138498285C0FD6004FF3B0 /* AppDelegate.swift in Sources */,
				A913849A285C0FD6004FF3B0 /* SceneDelegate.swift in Sources */,
			);
			runOnlyForDeploymentPostprocessing = 0;
		};
/* End PBXSourcesBuildPhase section */

/* Begin PBXVariantGroup section */
		A913849D285C0FD6004FF3B0 /* Main.storyboard */ = {
			isa = PBXVariantGroup;
			children = (
				A913849E285C0FD6004FF3B0 /* Base */,
			);
			name = Main.storyboard;
			sourceTree = "<group>";
		};
		A91384A2285C0FD8004FF3B0 /* LaunchScreen.storyboard */ = {
			isa = PBXVariantGroup;
			children = (
				A91384A3285C0FD8004FF3B0 /* Base */,
			);
			name = LaunchScreen.storyboard;
			sourceTree = "<group>";
		};
/* End PBXVariantGroup section */

/* Begin XCBuildConfiguration section */
		A91384A6285C0FD8004FF3B0 /* Debug */ = {
			isa = XCBuildConfiguration;
			buildSettings = {
				ALWAYS_SEARCH_USER_PATHS = NO;
				CLANG_ANALYZER_NONNULL = YES;
				CLANG_ANALYZER_NUMBER_OBJECT_CONVERSION = YES_AGGRESSIVE;
				CLANG_CXX_LANGUAGE_STANDARD = "gnu++17";
				CLANG_CXX_LIBRARY = "libc++";
				CLANG_ENABLE_MODULES = YES;
				CLANG_ENABLE_OBJC_ARC = YES;
				CLANG_ENABLE_OBJC_WEAK = YES;
				CLANG_WARN_BLOCK_CAPTURE_AUTORELEASING = YES;
				CLANG_WARN_BOOL_CONVERSION = YES;
				CLANG_WARN_COMMA = YES;
				CLANG_WARN_CONSTANT_CONVERSION = YES;
				CLANG_WARN_DEPRECATED_OBJC_IMPLEMENTATIONS = YES;
				CLANG_WARN_DIRECT_OBJC_ISA_USAGE = YES_ERROR;
				CLANG_WARN_DOCUMENTATION_COMMENTS = YES;
				CLANG_WARN_EMPTY_BODY = YES;
				CLANG_WARN_ENUM_CONVERSION = YES;
				CLANG_WARN_INFINITE_RECURSION = YES;
				CLANG_WARN_INT_CONVERSION = YES;
				CLANG_WARN_NON_LITERAL_NULL_CONVERSION = YES;
				CLANG_WARN_OBJC_IMPLICIT_RETAIN_SELF = YES;
				CLANG_WARN_OBJC_LITERAL_CONVERSION = YES;
				CLANG_WARN_OBJC_ROOT_CLASS = YES_ERROR;
				CLANG_WARN_QUOTED_INCLUDE_IN_FRAMEWORK_HEADER = YES;
				CLANG_WARN_RANGE_LOOP_ANALYSIS = YES;
				CLANG_WARN_STRICT_PROTOTYPES = YES;
				CLANG_WARN_SUSPICIOUS_MOVE = YES;
				CLANG_WARN_UNGUARDED_AVAILABILITY = YES_AGGRESSIVE;
				CLANG_WARN_UNREACHABLE_CODE = YES;
				CLANG_WARN__DUPLICATE_METHOD_MATCH = YES;
				COPY_PHASE_STRIP = NO;
				DEBUG_INFORMATION_FORMAT = dwarf;
				ENABLE_STRICT_OBJC_MSGSEND = YES;
				ENABLE_TESTABILITY = YES;
				GCC_C_LANGUAGE_STANDARD = gnu11;
				GCC_DYNAMIC_NO_PIC = NO;
				GCC_NO_COMMON_BLOCKS = YES;
				GCC_OPTIMIZATION_LEVEL = 0;
				GCC_PREPROCESSOR_DEFINITIONS = (
					"DEBUG=1",
					"$(inherited)",
				);
				GCC_WARN_64_TO_32_BIT_CONVERSION = YES;
				GCC_WARN_ABOUT_RETURN_TYPE = YES_ERROR;
				GCC_WARN_UNDECLARED_SELECTOR = YES;
				GCC_WARN_UNINITIALIZED_AUTOS = YES_AGGRESSIVE;
				GCC_WARN_UNUSED_FUNCTION = YES;
				GCC_WARN_UNUSED_VARIABLE = YES;
				IPHONEOS_DEPLOYMENT_TARGET = 15.2;
				MTL_ENABLE_DEBUG_INFO = INCLUDE_SOURCE;
				MTL_FAST_MATH = YES;
				ONLY_ACTIVE_ARCH = YES;
				SDKROOT = iphoneos;
				SWIFT_ACTIVE_COMPILATION_CONDITIONS = DEBUG;
				SWIFT_OPTIMIZATION_LEVEL = "-Onone";
			};
			name = Debug;
		};
		A91384A7285C0FD8004FF3B0 /* Release */ = {
			isa = XCBuildConfiguration;
			buildSettings = {
				ALWAYS_SEARCH_USER_PATHS = NO;
				CLANG_ANALYZER_NONNULL = YES;
				CLANG_ANALYZER_NUMBER_OBJECT_CONVERSION = YES_AGGRESSIVE;
				CLANG_CXX_LANGUAGE_STANDARD = "gnu++17";
				CLANG_CXX_LIBRARY = "libc++";
				CLANG_ENABLE_MODULES = YES;
				CLANG_ENABLE_OBJC_ARC = YES;
				CLANG_ENABLE_OBJC_WEAK = YES;
				CLANG_WARN_BLOCK_CAPTURE_AUTORELEASING = YES;
				CLANG_WARN_BOOL_CONVERSION = YES;
				CLANG_WARN_COMMA = YES;
				CLANG_WARN_CONSTANT_CONVERSION = YES;
				CLANG_WARN_DEPRECATED_OBJC_IMPLEMENTATIONS = YES;
				CLANG_WARN_DIRECT_OBJC_ISA_USAGE = YES_ERROR;
				CLANG_WARN_DOCUMENTATION_COMMENTS = YES;
				CLANG_WARN_EMPTY_BODY = YES;
				CLANG_WARN_ENUM_CONVERSION = YES;
				CLANG_WARN_INFINITE_RECURSION = YES;
				CLANG_WARN_INT_CONVERSION = YES;
				CLANG_WARN_NON_LITERAL_NULL_CONVERSION = YES;
				CLANG_WARN_OBJC_IMPLICIT_RETAIN_SELF = YES;
				CLANG_WARN_OBJC_LITERAL_CONVERSION = YES;
				CLANG_WARN_OBJC_ROOT_CLASS = YES_ERROR;
				CLANG_WARN_QUOTED_INCLUDE_IN_FRAMEWORK_HEADER = YES;
				CLANG_WARN_RANGE_LOOP_ANALYSIS = YES;
				CLANG_WARN_STRICT_PROTOTYPES = YES;
				CLANG_WARN_SUSPICIOUS_MOVE = YES;
				CLANG_WARN_UNGUARDED_AVAILABILITY = YES_AGGRESSIVE;
				CLANG_WARN_UNREACHABLE_CODE = YES;
				CLANG_WARN__DUPLICATE_METHOD_MATCH = YES;
				COPY_PHASE_STRIP = NO;
				DEBUG_INFORMATION_FORMAT = "dwarf-with-dsym";
				ENABLE_NS_ASSERTIONS = NO;
				ENABLE_STRICT_OBJC_MSGSEND = YES;
				GCC_C_LANGUAGE_STANDARD = gnu11;
				GCC_NO_COMMON_BLOCKS = YES;
				GCC_WARN_64_TO_32_BIT_CONVERSION = YES;
				GCC_WARN_ABOUT_RETURN_TYPE = YES_ERROR;
				GCC_WARN_UNDECLARED_SELECTOR = YES;
				GCC_WARN_UNINITIALIZED_AUTOS = YES_AGGRESSIVE;
				GCC_WARN_UNUSED_FUNCTION = YES;
				GCC_WARN_UNUSED_VARIABLE = YES;
				IPHONEOS_DEPLOYMENT_TARGET = 15.2;
				MTL_ENABLE_DEBUG_INFO = NO;
				MTL_FAST_MATH = YES;
				SDKROOT = iphoneos;
				SWIFT_COMPILATION_MODE = wholemodule;
				SWIFT_OPTIMIZATION_LEVEL = "-O";
				VALIDATE_PRODUCT = YES;
			};
			name = Release;
		};
		A91384A9285C0FD8004FF3B0 /* Debug */ = {
			isa = XCBuildConfiguration;
			baseConfigurationReference = C1860F5C2220E298D568E510 /* Pods-LoginDemo.debug.xcconfig */;
			buildSettings = {
				ASSETCATALOG_COMPILER_APPICON_NAME = AppIcon;
				ASSETCATALOG_COMPILER_GLOBAL_ACCENT_COLOR_NAME = AccentColor;
				CODE_SIGN_STYLE = Automatic;
				CURRENT_PROJECT_VERSION = 1;
				DEVELOPMENT_TEAM = AFC95U3355;
				GENERATE_INFOPLIST_FILE = YES;
				INFOPLIST_FILE = LoginDemo/Info.plist;
				INFOPLIST_KEY_UIApplicationSupportsIndirectInputEvents = YES;
				INFOPLIST_KEY_UILaunchStoryboardName = LaunchScreen;
				INFOPLIST_KEY_UIMainStoryboardFile = Main;
				INFOPLIST_KEY_UISupportedInterfaceOrientations_iPad = "UIInterfaceOrientationPortrait UIInterfaceOrientationPortraitUpsideDown UIInterfaceOrientationLandscapeLeft UIInterfaceOrientationLandscapeRight";
				INFOPLIST_KEY_UISupportedInterfaceOrientations_iPhone = "UIInterfaceOrientationPortrait UIInterfaceOrientationLandscapeLeft UIInterfaceOrientationLandscapeRight";
				IPHONEOS_DEPLOYMENT_TARGET = 15.2;
				LD_RUNPATH_SEARCH_PATHS = (
					"$(inherited)",
					"@executable_path/Frameworks",
				);
				MARKETING_VERSION = 1.0;
				PRODUCT_BUNDLE_IDENTIFIER = com.by.LoginDemo;
				PRODUCT_NAME = "$(TARGET_NAME)";
				SWIFT_EMIT_LOC_STRINGS = YES;
				SWIFT_VERSION = 5.0;
				TARGETED_DEVICE_FAMILY = "1,2";
			};
			name = Debug;
		};
		A91384AA285C0FD8004FF3B0 /* Release */ = {
			isa = XCBuildConfiguration;
			baseConfigurationReference = 6F1764B8FC5D223074A5336A /* Pods-LoginDemo.release.xcconfig */;
			buildSettings = {
				ASSETCATALOG_COMPILER_APPICON_NAME = AppIcon;
				ASSETCATALOG_COMPILER_GLOBAL_ACCENT_COLOR_NAME = AccentColor;
				CODE_SIGN_STYLE = Automatic;
				CURRENT_PROJECT_VERSION = 1;
				DEVELOPMENT_TEAM = AFC95U3355;
				GENERATE_INFOPLIST_FILE = YES;
				INFOPLIST_FILE = LoginDemo/Info.plist;
				INFOPLIST_KEY_UIApplicationSupportsIndirectInputEvents = YES;
				INFOPLIST_KEY_UILaunchStoryboardName = LaunchScreen;
				INFOPLIST_KEY_UIMainStoryboardFile = Main;
				INFOPLIST_KEY_UISupportedInterfaceOrientations_iPad = "UIInterfaceOrientationPortrait UIInterfaceOrientationPortraitUpsideDown UIInterfaceOrientationLandscapeLeft UIInterfaceOrientationLandscapeRight";
				INFOPLIST_KEY_UISupportedInterfaceOrientations_iPhone = "UIInterfaceOrientationPortrait UIInterfaceOrientationLandscapeLeft UIInterfaceOrientationLandscapeRight";
				IPHONEOS_DEPLOYMENT_TARGET = 15.2;
				LD_RUNPATH_SEARCH_PATHS = (
					"$(inherited)",
					"@executable_path/Frameworks",
				);
				MARKETING_VERSION = 1.0;
				PRODUCT_BUNDLE_IDENTIFIER = com.by.LoginDemo;
				PRODUCT_NAME = "$(TARGET_NAME)";
				SWIFT_EMIT_LOC_STRINGS = YES;
				SWIFT_VERSION = 5.0;
				TARGETED_DEVICE_FAMILY = "1,2";
			};
			name = Release;
		};
/* End XCBuildConfiguration section */

/* Begin XCConfigurationList section */
		A913848F285C0FD6004FF3B0 /* Build configuration list for PBXProject "LoginDemo" */ = {
			isa = XCConfigurationList;
			buildConfigurations = (
				A91384A6285C0FD8004FF3B0 /* Debug */,
				A91384A7285C0FD8004FF3B0 /* Release */,
			);
			defaultConfigurationIsVisible = 0;
			defaultConfigurationName = Release;
		};
		A91384A8285C0FD8004FF3B0 /* Build configuration list for PBXNativeTarget "LoginDemo" */ = {
			isa = XCConfigurationList;
			buildConfigurations = (
				A91384A9285C0FD8004FF3B0 /* Debug */,
				A91384AA285C0FD8004FF3B0 /* Release */,
			);
			defaultConfigurationIsVisible = 0;
			defaultConfigurationName = Release;
		};
/* End XCConfigurationList section */
	};
	rootObject = A913848C285C0FD6004FF3B0 /* Project object */;
}
